
Microsoft Visual Studio Solution File, Format Version 12.00
# Visual Studio 14
VisualStudioVersion = 14.0.25420.1
MinimumVisualStudioVersion = 10.0.40219.1
Project("{2150E333-8FDC-42A3-9474-1A3956D46DE8}") = "4- Dominio", "4- Dominio", "{7256D998-B6B4-4FA7-B061-8280B16E95F4}"
EndProject
Project("{2150E333-8FDC-42A3-9474-1A3956D46DE8}") = "3- Aplicación", "3- Aplicación", "{74985580-13BC-4EA0-9A98-D3B0713311D7}"
EndProject
Project("{2150E333-8FDC-42A3-9474-1A3956D46DE8}") = "BC2-Apsogui", "BC2-Apsogui", "{B72564E9-A2ED-46D7-BA17-B980A2E41493}"
EndProject
Project("{2150E333-8FDC-42A3-9474-1A3956D46DE8}") = "BC1-Seedwork", "BC1-Seedwork", "{69DFC379-F003-4181-AF4F-DC1372805564}"
EndProject
Project("{2150E333-8FDC-42A3-9474-1A3956D46DE8}") = "4- Dominio", "4- Dominio", "{9DC2CBCC-66E5-479D-B58F-C9752DD411B6}"
EndProject
Project("{2150E333-8FDC-42A3-9474-1A3956D46DE8}") = "3- Aplicación", "3- Aplicación", "{A9B2C1AF-76DB-4047-AF7A-0A66C8A76657}"
EndProject
Project("{FAE04EC0-301F-11D3-BF4B-00C04F79EFBC}") = "Aplicacion.Apsogui", "Aplicacion.Apsogui\Aplicacion.Apsogui.csproj", "{2F821D36-B295-4722-BC15-2AADA4D53B3A}"
EndProject
Project("{FAE04EC0-301F-11D3-BF4B-00C04F79EFBC}") = "Dominio.Apsogui", "Dominio.Apsogui\Dominio.Apsogui.csproj", "{0FECD56A-0246-4FB6-9229-CA19D0B94AE4}"
EndProject
Project("{FAE04EC0-301F-11D3-BF4B-00C04F79EFBC}") = "Dominio.Seedwork", "Dominio.Seedwork\Dominio.Seedwork.csproj", "{6D78E1C8-5DD5-47DC-9CD3-F18921633B08}"
EndProject
Project("{2150E333-8FDC-42A3-9474-1A3956D46DE8}") = "5- Infraestructura", "5- Infraestructura", "{843C3FCE-A622-4C6A-A6B9-AFC29EA737B9}"
EndProject
Project("{FAE04EC0-301F-11D3-BF4B-00C04F79EFBC}") = "Infraestructura.Data.Apsogui", "Infraestructura.Apsogui\Infraestructura.Data.Apsogui.csproj", "{0EFAFF8F-60FB-4A0F-98EE-ECFB30B61396}"
EndProject
Project("{2150E333-8FDC-42A3-9474-1A3956D46DE8}") = "Data", "Data", "{2CFE9487-423F-448B-98C5-00E98DB10088}"
EndProject
Project("{2150E333-8FDC-42A3-9474-1A3956D46DE8}") = "CrossCutting", "CrossCutting", "{07288B5A-1B92-4FBE-8877-D0153AD420F9}"
EndProject
Global
	GlobalSection(SolutionConfigurationPlatforms) = preSolution
		Debug|Any CPU = Debug|Any CPU
		Release|Any CPU = Release|Any CPU
	EndGlobalSection
	GlobalSection(ProjectConfigurationPlatforms) = postSolution
		{2F821D36-B295-4722-BC15-2AADA4D53B3A}.Debug|Any CPU.ActiveCfg = Debug|Any CPU
		{2F821D36-B295-4722-BC15-2AADA4D53B3A}.Debug|Any CPU.Build.0 = Debug|Any CPU
		{2F821D36-B295-4722-BC15-2AADA4D53B3A}.Release|Any CPU.ActiveCfg = Release|Any CPU
		{2F821D36-B295-4722-BC15-2AADA4D53B3A}.Release|Any CPU.Build.0 = Release|Any CPU
		{0FECD56A-0246-4FB6-9229-CA19D0B94AE4}.Debug|Any CPU.ActiveCfg = Debug|Any CPU
		{0FECD56A-0246-4FB6-9229-CA19D0B94AE4}.Debug|Any CPU.Build.0 = Debug|Any CPU
		{0FECD56A-0246-4FB6-9229-CA19D0B94AE4}.Release|Any CPU.ActiveCfg = Release|Any CPU
		{0FECD56A-0246-4FB6-9229-CA19D0B94AE4}.Release|Any CPU.Build.0 = Release|Any CPU
		{6D78E1C8-5DD5-47DC-9CD3-F18921633B08}.Debug|Any CPU.ActiveCfg = Debug|Any CPU
		{6D78E1C8-5DD5-47DC-9CD3-F18921633B08}.Debug|Any CPU.Build.0 = Debug|Any CPU
		{6D78E1C8-5DD5-47DC-9CD3-F18921633B08}.Release|Any CPU.ActiveCfg = Release|Any CPU
		{6D78E1C8-5DD5-47DC-9CD3-F18921633B08}.Release|Any CPU.Build.0 = Release|Any CPU
		{0EFAFF8F-60FB-4A0F-98EE-ECFB30B61396}.Debug|Any CPU.ActiveCfg = Debug|Any CPU
		{0EFAFF8F-60FB-4A0F-98EE-ECFB30B61396}.Debug|Any CPU.Build.0 = Debug|Any CPU
		{0EFAFF8F-60FB-4A0F-98EE-ECFB30B61396}.Release|Any CPU.ActiveCfg = Release|Any CPU
		{0EFAFF8F-60FB-4A0F-98EE-ECFB30B61396}.Release|Any CPU.Build.0 = Release|Any CPU
	EndGlobalSection
	GlobalSection(SolutionProperties) = preSolution
		HideSolutionNode = FALSE
	EndGlobalSection
	GlobalSection(NestedProjects) = preSolution
		{7256D998-B6B4-4FA7-B061-8280B16E95F4} = {B72564E9-A2ED-46D7-BA17-B980A2E41493}
		{74985580-13BC-4EA0-9A98-D3B0713311D7} = {B72564E9-A2ED-46D7-BA17-B980A2E41493}
		{9DC2CBCC-66E5-479D-B58F-C9752DD411B6} = {69DFC379-F003-4181-AF4F-DC1372805564}
		{A9B2C1AF-76DB-4047-AF7A-0A66C8A76657} = {69DFC379-F003-4181-AF4F-DC1372805564}
		{2F821D36-B295-4722-BC15-2AADA4D53B3A} = {74985580-13BC-4EA0-9A98-D3B0713311D7}
		{0FECD56A-0246-4FB6-9229-CA19D0B94AE4} = {7256D998-B6B4-4FA7-B061-8280B16E95F4}
		{6D78E1C8-5DD5-47DC-9CD3-F18921633B08} = {9DC2CBCC-66E5-479D-B58F-C9752DD411B6}
		{843C3FCE-A622-4C6A-A6B9-AFC29EA737B9} = {B72564E9-A2ED-46D7-BA17-B980A2E41493}
		{0EFAFF8F-60FB-4A0F-98EE-ECFB30B61396} = {2CFE9487-423F-448B-98C5-00E98DB10088}
		{2CFE9487-423F-448B-98C5-00E98DB10088} = {843C3FCE-A622-4C6A-A6B9-AFC29EA737B9}
		{07288B5A-1B92-4FBE-8877-D0153AD420F9} = {843C3FCE-A622-4C6A-A6B9-AFC29EA737B9}
	EndGlobalSection
EndGlobal
